
Microsoft Visual Studio Solution File, Format Version 12.00
# Visual Studio Version 17
VisualStudioVersion = 17.8.34330.188
MinimumVisualStudioVersion = 10.0.40219.1
Project("{FAE04EC0-301F-11D3-BF4B-00C04F79EFBC}") = "BlazorApp90", "BlazorApp90\BlazorApp90\BlazorApp90.csproj", "{DCFEE6D5-E444-4943-9209-E4F7A679487B}"
EndProject
Project("{FAE04EC0-301F-11D3-BF4B-00C04F79EFBC}") = "BlazorApp90.Client", "BlazorApp90\BlazorApp90.Client\BlazorApp90.Client.csproj", "{B970A2C0-7C93-458D-A896-BF4D8A96FD6A}"
EndProject
Project("{FAE04EC0-301F-11D3-BF4B-00C04F79EFBC}") = "RazorLib1", "RazorLib1\RazorLib1.csproj", "{5D3E9FD8-F124-415C-BB1F-35A6510EAAF3}"
EndProject
Global
	GlobalSection(SolutionConfigurationPlatforms) = preSolution
		Debug|Any CPU = Debug|Any CPU
		Release|Any CPU = Release|Any CPU
	EndGlobalSection
	GlobalSection(ProjectConfigurationPlatforms) = postSolution
		{DCFEE6D5-E444-4943-9209-E4F7A679487B}.Debug|Any CPU.ActiveCfg = Debug|Any CPU
		{DCFEE6D5-E444-4943-9209-E4F7A679487B}.Debug|Any CPU.Build.0 = Debug|Any CPU
		{DCFEE6D5-E444-4943-9209-E4F7A679487B}.Release|Any CPU.ActiveCfg = Release|Any CPU
		{DCFEE6D5-E444-4943-9209-E4F7A679487B}.Release|Any CPU.Build.0 = Release|Any CPU
		{B970A2C0-7C93-458D-A896-BF4D8A96FD6A}.Debug|Any CPU.ActiveCfg = Debug|Any CPU
		{B970A2C0-7C93-458D-A896-BF4D8A96FD6A}.Debug|Any CPU.Build.0 = Debug|Any CPU
		{B970A2C0-7C93-458D-A896-BF4D8A96FD6A}.Release|Any CPU.ActiveCfg = Release|Any CPU
		{B970A2C0-7C93-458D-A896-BF4D8A96FD6A}.Release|Any CPU.Build.0 = Release|Any CPU
		{5D3E9FD8-F124-415C-BB1F-35A6510EAAF3}.Debug|Any CPU.ActiveCfg = Debug|Any CPU
		{5D3E9FD8-F124-415C-BB1F-35A6510EAAF3}.Debug|Any CPU.Build.0 = Debug|Any CPU
		{5D3E9FD8-F124-415C-BB1F-35A6510EAAF3}.Release|Any CPU.ActiveCfg = Release|Any CPU
		{5D3E9FD8-F124-415C-BB1F-35A6510EAAF3}.Release|Any CPU.Build.0 = Release|Any CPU
	EndGlobalSection
	GlobalSection(SolutionProperties) = preSolution
		HideSolutionNode = FALSE
	EndGlobalSection
	GlobalSection(ExtensibilityGlobals) = postSolution
		SolutionGuid = {15EC2C94-BDAB-420C-8996-FD4E17A2AB1A}
	EndGlobalSection
EndGlobal
